{
  "pins" : [
    {
      "identity" : "base45-swift",
      "kind" : "remoteSourceControl",
      "location" : "https://github.com/ehn-dcc-development/base45-swift",
      "state" : {
        "revision" : "c1db97d793d02a1c3d56d50a738c8fd8c34372f8",
        "version" : "1.1.0"
      }
    },
    {
      "identity" : "swiftcbor",
      "kind" : "remoteSourceControl",
      "location" : "https://github.com/abhip2565/SwiftCBOR",
      "state" : {
        "branch" : "long-cbor-decode-crash-fix",
        "revision" : "ecb490830e395df54eb06951e58a75d3d7443cf1"
      }
    },
    {
      "identity" : "zipfoundation",
      "kind" : "remoteSourceControl",
      "location" : "https://github.com/weichsel/ZIPFoundation.git",
      "state" : {
        "revision" : "02b6abe5f6eef7e3cbd5f247c5cc24e246efcfe0",
        "version" : "0.9.19"
      }
    }
  ],
  "version" : 2
}
